
Microsoft Visual Studio Solution File, Format Version 12.00
# Visual Studio Version 17
VisualStudioVersion = 17.1.32328.378
MinimumVisualStudioVersion = 10.0.40219.1
Project("{FAE04EC0-301F-11D3-BF4B-00C04F79EFBC}") = "QLCuuSinhVien", "QLCuuSinhVien\QLCuuSinhVien.csproj", "{120CB806-3634-44CE-B01A-D455B7C9D0CB}"
EndProject
Global
	GlobalSection(SolutionConfigurationPlatforms) = preSolution
		Debug|Any CPU = Debug|Any CPU
		Release|Any CPU = Release|Any CPU
	EndGlobalSection
	GlobalSection(ProjectConfigurationPlatforms) = postSolution
		{120CB806-3634-44CE-B01A-D455B7C9D0CB}.Debug|Any CPU.ActiveCfg = Debug|Any CPU
		{120CB806-3634-44CE-B01A-D455B7C9D0CB}.Debug|Any CPU.Build.0 = Debug|Any CPU
		{120CB806-3634-44CE-B01A-D455B7C9D0CB}.Release|Any CPU.ActiveCfg = Release|Any CPU
		{120CB806-3634-44CE-B01A-D455B7C9D0CB}.Release|Any CPU.Build.0 = Release|Any CPU
	EndGlobalSection
	GlobalSection(SolutionProperties) = preSolution
		HideSolutionNode = FALSE
	EndGlobalSection
	GlobalSection(ExtensibilityGlobals) = postSolution
		SolutionGuid = {60FA00C3-6F3E-4618-ABFB-352AEB58031C}
	EndGlobalSection
EndGlobal
